
Microsoft Visual Studio Solution File, Format Version 12.00
# Visual Studio 14
VisualStudioVersion = 14.0.23107.0
MinimumVisualStudioVersion = 10.0.40219.1
Project("{FAE04EC0-301F-11D3-BF4B-00C04F79EFBC}") = "CardExercise", "CardExercise.csproj", "{B08E7795-4B5D-4CBF-A262-3BFFC7053782}"
EndProject
Project("{FAE04EC0-301F-11D3-BF4B-00C04F79EFBC}") = "CardExerciseTests", "..\CardExerciseTests\CardExerciseTests.csproj", "{ACBD3A2F-AF35-4101-A77C-EBC732576A44}"
EndProject
Global
	GlobalSection(SolutionConfigurationPlatforms) = preSolution
		Debug|Any CPU = Debug|Any CPU
		Release|Any CPU = Release|Any CPU
	EndGlobalSection
	GlobalSection(ProjectConfigurationPlatforms) = postSolution
		{B08E7795-4B5D-4CBF-A262-3BFFC7053782}.Debug|Any CPU.ActiveCfg = Debug|Any CPU
		{B08E7795-4B5D-4CBF-A262-3BFFC7053782}.Debug|Any CPU.Build.0 = Debug|Any CPU
		{B08E7795-4B5D-4CBF-A262-3BFFC7053782}.Release|Any CPU.ActiveCfg = Release|Any CPU
		{B08E7795-4B5D-4CBF-A262-3BFFC7053782}.Release|Any CPU.Build.0 = Release|Any CPU
		{ACBD3A2F-AF35-4101-A77C-EBC732576A44}.Debug|Any CPU.ActiveCfg = Debug|Any CPU
		{ACBD3A2F-AF35-4101-A77C-EBC732576A44}.Debug|Any CPU.Build.0 = Debug|Any CPU
		{ACBD3A2F-AF35-4101-A77C-EBC732576A44}.Release|Any CPU.ActiveCfg = Release|Any CPU
		{ACBD3A2F-AF35-4101-A77C-EBC732576A44}.Release|Any CPU.Build.0 = Release|Any CPU
	EndGlobalSection
	GlobalSection(SolutionProperties) = preSolution
		HideSolutionNode = FALSE
	EndGlobalSection
EndGlobal
